
Microsoft Visual Studio Solution File, Format Version 12.00
# Visual Studio Version 16
VisualStudioVersion = 16.0.31702.278
MinimumVisualStudioVersion = 10.0.40219.1
Project("{2150E333-8FDC-42A3-9474-1A3956D46DE8}") = "FactoryMethod", "FactoryMethod", "{31C58AF5-7114-48A7-8A00-BC821039FB20}"
EndProject
Project("{9A19103F-16F7-4668-BE54-9A1E7A4F7556}") = "FactoryMethod", "FactoryMethod\FactoryMethod.csproj", "{9AA84A30-057D-4446-937E-F3E5ADE040FC}"
EndProject
Project("{2150E333-8FDC-42A3-9474-1A3956D46DE8}") = "Singleton", "Singleton", "{71682DB7-8102-4036-BE5F-C6848F63C88E}"
EndProject
Project("{9A19103F-16F7-4668-BE54-9A1E7A4F7556}") = "Singleton", "Singleton\Singleton.csproj", "{5287DC17-312D-478C-AB1D-8EB348C8A828}"
EndProject
Project("{2150E333-8FDC-42A3-9474-1A3956D46DE8}") = "Adapter", "Adapter", "{B59559BF-1489-4B2C-AB9C-E61EF720BF76}"
EndProject
Project("{9A19103F-16F7-4668-BE54-9A1E7A4F7556}") = "Adapter", "Adapter\Adapter.csproj", "{57182EB9-F3A9-4C32-8254-CB0DF5A0CED5}"
EndProject
Project("{2150E333-8FDC-42A3-9474-1A3956D46DE8}") = "1 - Criacionais", "1 - Criacionais", "{FB98D45F-921D-4B98-AE05-17FE225ACFE9}"
EndProject
Project("{2150E333-8FDC-42A3-9474-1A3956D46DE8}") = "2 - Estruturais", "2 - Estruturais", "{9B83B644-B014-4F17-A0AD-7DFA98958B71}"
EndProject
Project("{2150E333-8FDC-42A3-9474-1A3956D46DE8}") = "3 - Comportamentais", "3 - Comportamentais", "{40ED41D9-875E-4A07-820F-D8E39871DD82}"
EndProject
Project("{2150E333-8FDC-42A3-9474-1A3956D46DE8}") = "AbstractFactory", "AbstractFactory", "{9E3D8604-BF44-474B-9456-D05159A7D703}"
EndProject
Project("{2150E333-8FDC-42A3-9474-1A3956D46DE8}") = "Builder", "Builder", "{F7078CBE-3931-43AC-8BCF-0B98BB161C1D}"
EndProject
Project("{2150E333-8FDC-42A3-9474-1A3956D46DE8}") = "Prototype", "Prototype", "{E21C766C-241E-4680-9D97-D272DEC50247}"
EndProject
Project("{2150E333-8FDC-42A3-9474-1A3956D46DE8}") = "Bridge", "Bridge", "{6458C297-41E1-4AEB-B0FB-F3DD1A8E9664}"
EndProject
Project("{2150E333-8FDC-42A3-9474-1A3956D46DE8}") = "Composite", "Composite", "{E27385C9-A88A-4B3E-B830-5A13AC0F33BA}"
EndProject
Project("{2150E333-8FDC-42A3-9474-1A3956D46DE8}") = "Decorator", "Decorator", "{C9C9A232-6AED-40DB-A49F-48B6E22BF40C}"
EndProject
Project("{2150E333-8FDC-42A3-9474-1A3956D46DE8}") = "Facade", "Facade", "{73DAC83F-0166-4C57-9FCD-C305362E473D}"
EndProject
Project("{2150E333-8FDC-42A3-9474-1A3956D46DE8}") = "Flyweight", "Flyweight", "{88BADD32-F664-45BF-8253-5FA57D838EED}"
EndProject
Project("{2150E333-8FDC-42A3-9474-1A3956D46DE8}") = "Proxy", "Proxy", "{4B56127A-6A46-44C7-98AC-179998388A64}"
EndProject
Project("{2150E333-8FDC-42A3-9474-1A3956D46DE8}") = "ChainOfResponsibility", "ChainOfResponsibility", "{189E9068-4423-457A-8601-EE3ED7766898}"
EndProject
Project("{2150E333-8FDC-42A3-9474-1A3956D46DE8}") = "Command", "Command", "{E9DE8E72-C610-4821-911A-099335723088}"
EndProject
Project("{2150E333-8FDC-42A3-9474-1A3956D46DE8}") = "Iterator", "Iterator", "{5366AA1E-26E4-4B37-BC9E-EBDC80BAF569}"
EndProject
Project("{2150E333-8FDC-42A3-9474-1A3956D46DE8}") = "Mediator", "Mediator", "{218B2715-9F15-430A-8156-A953366954B7}"
EndProject
Project("{2150E333-8FDC-42A3-9474-1A3956D46DE8}") = "Memento", "Memento", "{2C55909E-4768-4057-AC6B-C09369D195EE}"
EndProject
Project("{2150E333-8FDC-42A3-9474-1A3956D46DE8}") = "Observer", "Observer", "{82915EBB-A979-41E5-BBB3-1C683881BE06}"
EndProject
Project("{2150E333-8FDC-42A3-9474-1A3956D46DE8}") = "State", "State", "{9097C226-DDB5-4DE1-9CA1-1B50D251A839}"
EndProject
Project("{2150E333-8FDC-42A3-9474-1A3956D46DE8}") = "Strategy", "Strategy", "{B28827E2-5E7A-460E-A9A4-A374A74C816D}"
EndProject
Project("{2150E333-8FDC-42A3-9474-1A3956D46DE8}") = "TemplateMethod", "TemplateMethod", "{D61A3163-56EA-4B8D-B36C-F8A862EB1188}"
EndProject
Project("{2150E333-8FDC-42A3-9474-1A3956D46DE8}") = "Visitor", "Visitor", "{146904D2-1C54-4DB0-9777-6828B9673220}"
EndProject
Project("{9A19103F-16F7-4668-BE54-9A1E7A4F7556}") = "Strategy", "Strategy\Strategy.csproj", "{9B1D5224-70BA-4282-AACE-06DA168CE461}"
EndProject
Project("{9A19103F-16F7-4668-BE54-9A1E7A4F7556}") = "Builder", "Builder\Builder.csproj", "{4DC9BE97-F87B-44BD-9521-076D465E875B}"
EndProject
Project("{FAE04EC0-301F-11D3-BF4B-00C04F79EFBC}") = "Prototype", "Prototype\Prototype.csproj", "{8D2E2AA4-8EF5-45EA-81A6-3F9E24246475}"
EndProject
Project("{FAE04EC0-301F-11D3-BF4B-00C04F79EFBC}") = "AbstractFactory", "AbstractFactory\AbstractFactory.csproj", "{96B5254C-0DEC-47CB-B789-6C13A451D615}"
EndProject
Global
	GlobalSection(SolutionConfigurationPlatforms) = preSolution
		Debug|Any CPU = Debug|Any CPU
		Release|Any CPU = Release|Any CPU
	EndGlobalSection
	GlobalSection(ProjectConfigurationPlatforms) = postSolution
		{9AA84A30-057D-4446-937E-F3E5ADE040FC}.Debug|Any CPU.ActiveCfg = Debug|Any CPU
		{9AA84A30-057D-4446-937E-F3E5ADE040FC}.Debug|Any CPU.Build.0 = Debug|Any CPU
		{9AA84A30-057D-4446-937E-F3E5ADE040FC}.Release|Any CPU.ActiveCfg = Release|Any CPU
		{9AA84A30-057D-4446-937E-F3E5ADE040FC}.Release|Any CPU.Build.0 = Release|Any CPU
		{5287DC17-312D-478C-AB1D-8EB348C8A828}.Debug|Any CPU.ActiveCfg = Debug|Any CPU
		{5287DC17-312D-478C-AB1D-8EB348C8A828}.Debug|Any CPU.Build.0 = Debug|Any CPU
		{5287DC17-312D-478C-AB1D-8EB348C8A828}.Release|Any CPU.ActiveCfg = Release|Any CPU
		{5287DC17-312D-478C-AB1D-8EB348C8A828}.Release|Any CPU.Build.0 = Release|Any CPU
		{57182EB9-F3A9-4C32-8254-CB0DF5A0CED5}.Debug|Any CPU.ActiveCfg = Debug|Any CPU
		{57182EB9-F3A9-4C32-8254-CB0DF5A0CED5}.Debug|Any CPU.Build.0 = Debug|Any CPU
		{57182EB9-F3A9-4C32-8254-CB0DF5A0CED5}.Release|Any CPU.ActiveCfg = Release|Any CPU
		{57182EB9-F3A9-4C32-8254-CB0DF5A0CED5}.Release|Any CPU.Build.0 = Release|Any CPU
		{9B1D5224-70BA-4282-AACE-06DA168CE461}.Debug|Any CPU.ActiveCfg = Debug|Any CPU
		{9B1D5224-70BA-4282-AACE-06DA168CE461}.Debug|Any CPU.Build.0 = Debug|Any CPU
		{9B1D5224-70BA-4282-AACE-06DA168CE461}.Release|Any CPU.ActiveCfg = Release|Any CPU
		{9B1D5224-70BA-4282-AACE-06DA168CE461}.Release|Any CPU.Build.0 = Release|Any CPU
		{4DC9BE97-F87B-44BD-9521-076D465E875B}.Debug|Any CPU.ActiveCfg = Debug|Any CPU
		{4DC9BE97-F87B-44BD-9521-076D465E875B}.Debug|Any CPU.Build.0 = Debug|Any CPU
		{4DC9BE97-F87B-44BD-9521-076D465E875B}.Release|Any CPU.ActiveCfg = Release|Any CPU
		{4DC9BE97-F87B-44BD-9521-076D465E875B}.Release|Any CPU.Build.0 = Release|Any CPU
		{8D2E2AA4-8EF5-45EA-81A6-3F9E24246475}.Debug|Any CPU.ActiveCfg = Debug|Any CPU
		{8D2E2AA4-8EF5-45EA-81A6-3F9E24246475}.Debug|Any CPU.Build.0 = Debug|Any CPU
		{8D2E2AA4-8EF5-45EA-81A6-3F9E24246475}.Release|Any CPU.ActiveCfg = Release|Any CPU
		{8D2E2AA4-8EF5-45EA-81A6-3F9E24246475}.Release|Any CPU.Build.0 = Release|Any CPU
		{96B5254C-0DEC-47CB-B789-6C13A451D615}.Debug|Any CPU.ActiveCfg = Debug|Any CPU
		{96B5254C-0DEC-47CB-B789-6C13A451D615}.Debug|Any CPU.Build.0 = Debug|Any CPU
		{96B5254C-0DEC-47CB-B789-6C13A451D615}.Release|Any CPU.ActiveCfg = Release|Any CPU
		{96B5254C-0DEC-47CB-B789-6C13A451D615}.Release|Any CPU.Build.0 = Release|Any CPU
	EndGlobalSection
	GlobalSection(SolutionProperties) = preSolution
		HideSolutionNode = FALSE
	EndGlobalSection
	GlobalSection(NestedProjects) = preSolution
		{31C58AF5-7114-48A7-8A00-BC821039FB20} = {FB98D45F-921D-4B98-AE05-17FE225ACFE9}
		{9AA84A30-057D-4446-937E-F3E5ADE040FC} = {31C58AF5-7114-48A7-8A00-BC821039FB20}
		{71682DB7-8102-4036-BE5F-C6848F63C88E} = {FB98D45F-921D-4B98-AE05-17FE225ACFE9}
		{5287DC17-312D-478C-AB1D-8EB348C8A828} = {71682DB7-8102-4036-BE5F-C6848F63C88E}
		{B59559BF-1489-4B2C-AB9C-E61EF720BF76} = {9B83B644-B014-4F17-A0AD-7DFA98958B71}
		{57182EB9-F3A9-4C32-8254-CB0DF5A0CED5} = {B59559BF-1489-4B2C-AB9C-E61EF720BF76}
		{9E3D8604-BF44-474B-9456-D05159A7D703} = {FB98D45F-921D-4B98-AE05-17FE225ACFE9}
		{F7078CBE-3931-43AC-8BCF-0B98BB161C1D} = {FB98D45F-921D-4B98-AE05-17FE225ACFE9}
		{E21C766C-241E-4680-9D97-D272DEC50247} = {FB98D45F-921D-4B98-AE05-17FE225ACFE9}
		{6458C297-41E1-4AEB-B0FB-F3DD1A8E9664} = {9B83B644-B014-4F17-A0AD-7DFA98958B71}
		{E27385C9-A88A-4B3E-B830-5A13AC0F33BA} = {9B83B644-B014-4F17-A0AD-7DFA98958B71}
		{C9C9A232-6AED-40DB-A49F-48B6E22BF40C} = {9B83B644-B014-4F17-A0AD-7DFA98958B71}
		{73DAC83F-0166-4C57-9FCD-C305362E473D} = {9B83B644-B014-4F17-A0AD-7DFA98958B71}
		{88BADD32-F664-45BF-8253-5FA57D838EED} = {9B83B644-B014-4F17-A0AD-7DFA98958B71}
		{4B56127A-6A46-44C7-98AC-179998388A64} = {9B83B644-B014-4F17-A0AD-7DFA98958B71}
		{189E9068-4423-457A-8601-EE3ED7766898} = {40ED41D9-875E-4A07-820F-D8E39871DD82}
		{E9DE8E72-C610-4821-911A-099335723088} = {40ED41D9-875E-4A07-820F-D8E39871DD82}
		{5366AA1E-26E4-4B37-BC9E-EBDC80BAF569} = {40ED41D9-875E-4A07-820F-D8E39871DD82}
		{218B2715-9F15-430A-8156-A953366954B7} = {40ED41D9-875E-4A07-820F-D8E39871DD82}
		{2C55909E-4768-4057-AC6B-C09369D195EE} = {40ED41D9-875E-4A07-820F-D8E39871DD82}
		{82915EBB-A979-41E5-BBB3-1C683881BE06} = {40ED41D9-875E-4A07-820F-D8E39871DD82}
		{9097C226-DDB5-4DE1-9CA1-1B50D251A839} = {40ED41D9-875E-4A07-820F-D8E39871DD82}
		{B28827E2-5E7A-460E-A9A4-A374A74C816D} = {40ED41D9-875E-4A07-820F-D8E39871DD82}
		{D61A3163-56EA-4B8D-B36C-F8A862EB1188} = {40ED41D9-875E-4A07-820F-D8E39871DD82}
		{146904D2-1C54-4DB0-9777-6828B9673220} = {40ED41D9-875E-4A07-820F-D8E39871DD82}
		{9B1D5224-70BA-4282-AACE-06DA168CE461} = {B28827E2-5E7A-460E-A9A4-A374A74C816D}
		{4DC9BE97-F87B-44BD-9521-076D465E875B} = {F7078CBE-3931-43AC-8BCF-0B98BB161C1D}
		{8D2E2AA4-8EF5-45EA-81A6-3F9E24246475} = {E21C766C-241E-4680-9D97-D272DEC50247}
		{96B5254C-0DEC-47CB-B789-6C13A451D615} = {9E3D8604-BF44-474B-9456-D05159A7D703}
	EndGlobalSection
	GlobalSection(ExtensibilityGlobals) = postSolution
		SolutionGuid = {56914514-B73D-4C70-8B05-A345670E7925}
	EndGlobalSection
EndGlobal
